
Microsoft Visual Studio Solution File, Format Version 12.00
# Visual Studio Version 17
VisualStudioVersion = 17.12.35527.113 d17.12
MinimumVisualStudioVersion = 10.0.40219.1
Project("{FAE04EC0-301F-11D3-BF4B-00C04F79EFBC}") = "EFCoreNCCSB", "EFCoreNCCSB\EFCoreNCCSB.csproj", "{941C8A19-39E1-4AF1-86AC-582B847D81A2}"
EndProject
Global
	GlobalSection(SolutionConfigurationPlatforms) = preSolution
		Debug|Any CPU = Debug|Any CPU
		Release|Any CPU = Release|Any CPU
	EndGlobalSection
	GlobalSection(ProjectConfigurationPlatforms) = postSolution
		{941C8A19-39E1-4AF1-86AC-582B847D81A2}.Debug|Any CPU.ActiveCfg = Debug|Any CPU
		{941C8A19-39E1-4AF1-86AC-582B847D81A2}.Debug|Any CPU.Build.0 = Debug|Any CPU
		{941C8A19-39E1-4AF1-86AC-582B847D81A2}.Release|Any CPU.ActiveCfg = Release|Any CPU
		{941C8A19-39E1-4AF1-86AC-582B847D81A2}.Release|Any CPU.Build.0 = Release|Any CPU
	EndGlobalSection
	GlobalSection(SolutionProperties) = preSolution
		HideSolutionNode = FALSE
	EndGlobalSection
EndGlobal
